
Microsoft Visual Studio Solution File, Format Version 12.00
Project("{FAE04EC0-301F-11D3-BF4B-00C04F79EFBC}") = "MauiApp1", "MauiApp1\MauiApp1.csproj", "{F8CDBB98-2A65-4066-9CBC-3C3412D6D4E8}"
EndProject
Project("{FAE04EC0-301F-11D3-BF4B-00C04F79EFBC}") = "MauiAPP1.Data", "MauiAPP1.Data\MauiAPP1.Data.csproj", "{97C1C18F-5B87-4750-8214-59206EACC15E}"
EndProject
Global
	GlobalSection(SolutionConfigurationPlatforms) = preSolution
		Debug|Any CPU = Debug|Any CPU
		Release|Any CPU = Release|Any CPU
	EndGlobalSection
	GlobalSection(ProjectConfigurationPlatforms) = postSolution
		{F8CDBB98-2A65-4066-9CBC-3C3412D6D4E8}.Debug|Any CPU.ActiveCfg = Debug|Any CPU
		{F8CDBB98-2A65-4066-9CBC-3C3412D6D4E8}.Debug|Any CPU.Build.0 = Debug|Any CPU
		{F8CDBB98-2A65-4066-9CBC-3C3412D6D4E8}.Release|Any CPU.ActiveCfg = Release|Any CPU
		{F8CDBB98-2A65-4066-9CBC-3C3412D6D4E8}.Release|Any CPU.Build.0 = Release|Any CPU
		{97C1C18F-5B87-4750-8214-59206EACC15E}.Debug|Any CPU.ActiveCfg = Debug|Any CPU
		{97C1C18F-5B87-4750-8214-59206EACC15E}.Debug|Any CPU.Build.0 = Debug|Any CPU
		{97C1C18F-5B87-4750-8214-59206EACC15E}.Release|Any CPU.ActiveCfg = Release|Any CPU
		{97C1C18F-5B87-4750-8214-59206EACC15E}.Release|Any CPU.Build.0 = Release|Any CPU
	EndGlobalSection
EndGlobal
